
Microsoft Visual Studio Solution File, Format Version 12.00
# Visual Studio Version 17
VisualStudioVersion = 17.10.35013.160
MinimumVisualStudioVersion = 10.0.40219.1
Project("{FAE04EC0-301F-11D3-BF4B-00C04F79EFBC}") = "Persona", "Persona\Persona.csproj", "{3652BC1B-ABAE-4D10-AC40-4CA9567DA2FB}"
EndProject
Global
	GlobalSection(SolutionConfigurationPlatforms) = preSolution
		Debug|Any CPU = Debug|Any CPU
		Release|Any CPU = Release|Any CPU
	EndGlobalSection
	GlobalSection(ProjectConfigurationPlatforms) = postSolution
		{3652BC1B-ABAE-4D10-AC40-4CA9567DA2FB}.Debug|Any CPU.ActiveCfg = Debug|Any CPU
		{3652BC1B-ABAE-4D10-AC40-4CA9567DA2FB}.Debug|Any CPU.Build.0 = Debug|Any CPU
		{3652BC1B-ABAE-4D10-AC40-4CA9567DA2FB}.Release|Any CPU.ActiveCfg = Release|Any CPU
		{3652BC1B-ABAE-4D10-AC40-4CA9567DA2FB}.Release|Any CPU.Build.0 = Release|Any CPU
	EndGlobalSection
	GlobalSection(SolutionProperties) = preSolution
		HideSolutionNode = FALSE
	EndGlobalSection
	GlobalSection(ExtensibilityGlobals) = postSolution
		SolutionGuid = {9C3F18AC-6F21-40F2-9BCE-9EA45462E34A}
	EndGlobalSection
EndGlobal
