
Microsoft Visual Studio Solution File, Format Version 12.00
# Visual Studio Version 17
VisualStudioVersion = 17.10.35013.160
MinimumVisualStudioVersion = 10.0.40219.1
Project("{FAE04EC0-301F-11D3-BF4B-00C04F79EFBC}") = "MVCPelicula", "MVCPelicula\MVCPelicula.csproj", "{660413D4-AA5A-4D70-ADDF-32AB53F7190E}"
EndProject
Global
	GlobalSection(SolutionConfigurationPlatforms) = preSolution
		Debug|Any CPU = Debug|Any CPU
		Release|Any CPU = Release|Any CPU
	EndGlobalSection
	GlobalSection(ProjectConfigurationPlatforms) = postSolution
		{660413D4-AA5A-4D70-ADDF-32AB53F7190E}.Debug|Any CPU.ActiveCfg = Debug|Any CPU
		{660413D4-AA5A-4D70-ADDF-32AB53F7190E}.Debug|Any CPU.Build.0 = Debug|Any CPU
		{660413D4-AA5A-4D70-ADDF-32AB53F7190E}.Release|Any CPU.ActiveCfg = Release|Any CPU
		{660413D4-AA5A-4D70-ADDF-32AB53F7190E}.Release|Any CPU.Build.0 = Release|Any CPU
	EndGlobalSection
	GlobalSection(SolutionProperties) = preSolution
		HideSolutionNode = FALSE
	EndGlobalSection
	GlobalSection(ExtensibilityGlobals) = postSolution
		SolutionGuid = {A183089D-33D3-41C4-B287-C4712EC9CB44}
	EndGlobalSection
EndGlobal
